
Microsoft Visual Studio Solution File, Format Version 12.00
# Visual Studio Version 17
VisualStudioVersion = 17.8.34525.116
MinimumVisualStudioVersion = 10.0.40219.1
Project("{FAE04EC0-301F-11D3-BF4B-00C04F79EFBC}") = "Presentacion", "Presentacion\Presentacion.csproj", "{272531CE-94A8-438B-83BA-69B506942032}"
EndProject
Project("{FAE04EC0-301F-11D3-BF4B-00C04F79EFBC}") = "Core", "Core\Core.csproj", "{E155506B-799C-4413-82CB-62546659CFF9}"
EndProject
Project("{FAE04EC0-301F-11D3-BF4B-00C04F79EFBC}") = "Persistencia", "Persistencia\Persistencia.csproj", "{CF88C3FE-6CB7-4E01-AFBA-8348A0D365B8}"
EndProject
Project("{FAE04EC0-301F-11D3-BF4B-00C04F79EFBC}") = "Dominio", "Dominio\Dominio.csproj", "{78EE6187-0CD5-4589-BEDF-38661CE0C7CF}"
EndProject
Project("{FAE04EC0-301F-11D3-BF4B-00C04F79EFBC}") = "Repositorio", "Repositorio\Repositorio.csproj", "{CE9FCCF8-14EB-4DA8-A7C5-9A9E7713B0C5}"
EndProject
Project("{FAE04EC0-301F-11D3-BF4B-00C04F79EFBC}") = "Aplicacion", "Aplicacion\Aplicacion.csproj", "{B5280539-34AD-47E5-802C-09AA10A142F4}"
EndProject
Global
	GlobalSection(SolutionConfigurationPlatforms) = preSolution
		Debug|Any CPU = Debug|Any CPU
		Release|Any CPU = Release|Any CPU
	EndGlobalSection
	GlobalSection(ProjectConfigurationPlatforms) = postSolution
		{272531CE-94A8-438B-83BA-69B506942032}.Debug|Any CPU.ActiveCfg = Debug|Any CPU
		{272531CE-94A8-438B-83BA-69B506942032}.Debug|Any CPU.Build.0 = Debug|Any CPU
		{272531CE-94A8-438B-83BA-69B506942032}.Release|Any CPU.ActiveCfg = Release|Any CPU
		{272531CE-94A8-438B-83BA-69B506942032}.Release|Any CPU.Build.0 = Release|Any CPU
		{E155506B-799C-4413-82CB-62546659CFF9}.Debug|Any CPU.ActiveCfg = Debug|Any CPU
		{E155506B-799C-4413-82CB-62546659CFF9}.Debug|Any CPU.Build.0 = Debug|Any CPU
		{E155506B-799C-4413-82CB-62546659CFF9}.Release|Any CPU.ActiveCfg = Release|Any CPU
		{E155506B-799C-4413-82CB-62546659CFF9}.Release|Any CPU.Build.0 = Release|Any CPU
		{CF88C3FE-6CB7-4E01-AFBA-8348A0D365B8}.Debug|Any CPU.ActiveCfg = Debug|Any CPU
		{CF88C3FE-6CB7-4E01-AFBA-8348A0D365B8}.Debug|Any CPU.Build.0 = Debug|Any CPU
		{CF88C3FE-6CB7-4E01-AFBA-8348A0D365B8}.Release|Any CPU.ActiveCfg = Release|Any CPU
		{CF88C3FE-6CB7-4E01-AFBA-8348A0D365B8}.Release|Any CPU.Build.0 = Release|Any CPU
		{78EE6187-0CD5-4589-BEDF-38661CE0C7CF}.Debug|Any CPU.ActiveCfg = Debug|Any CPU
		{78EE6187-0CD5-4589-BEDF-38661CE0C7CF}.Debug|Any CPU.Build.0 = Debug|Any CPU
		{78EE6187-0CD5-4589-BEDF-38661CE0C7CF}.Release|Any CPU.ActiveCfg = Release|Any CPU
		{78EE6187-0CD5-4589-BEDF-38661CE0C7CF}.Release|Any CPU.Build.0 = Release|Any CPU
		{CE9FCCF8-14EB-4DA8-A7C5-9A9E7713B0C5}.Debug|Any CPU.ActiveCfg = Debug|Any CPU
		{CE9FCCF8-14EB-4DA8-A7C5-9A9E7713B0C5}.Debug|Any CPU.Build.0 = Debug|Any CPU
		{CE9FCCF8-14EB-4DA8-A7C5-9A9E7713B0C5}.Release|Any CPU.ActiveCfg = Release|Any CPU
		{CE9FCCF8-14EB-4DA8-A7C5-9A9E7713B0C5}.Release|Any CPU.Build.0 = Release|Any CPU
		{B5280539-34AD-47E5-802C-09AA10A142F4}.Debug|Any CPU.ActiveCfg = Debug|Any CPU
		{B5280539-34AD-47E5-802C-09AA10A142F4}.Debug|Any CPU.Build.0 = Debug|Any CPU
		{B5280539-34AD-47E5-802C-09AA10A142F4}.Release|Any CPU.ActiveCfg = Release|Any CPU
		{B5280539-34AD-47E5-802C-09AA10A142F4}.Release|Any CPU.Build.0 = Release|Any CPU
	EndGlobalSection
	GlobalSection(SolutionProperties) = preSolution
		HideSolutionNode = FALSE
	EndGlobalSection
	GlobalSection(ExtensibilityGlobals) = postSolution
		SolutionGuid = {70A5E4A1-C75B-41E0-94E2-09540C6FC9CE}
	EndGlobalSection
EndGlobal
